// !$*UTF8*$!
{
	archiveVersion = 1;
	classes = {
	};
	objectVersion = 50;
	objects = {

/* Begin PBXBuildFile section */
		26449C672482B8A200C11E89 /* AppDelegate.swift in Sources */ = {isa = PBXBuildFile; fileRef = 26449C662482B8A200C11E89 /* AppDelegate.swift */; };
		26449C692482B8A200C11E89 /* SceneDelegate.swift in Sources */ = {isa = PBXBuildFile; fileRef = 26449C682482B8A200C11E89 /* SceneDelegate.swift */; };
		26449C6E2482B8A200C11E89 /* Main.storyboard in Resources */ = {isa = PBXBuildFile; fileRef = 26449C6C2482B8A200C11E89 /* Main.storyboard */; };
		26449C702482B8A500C11E89 /* Assets.xcassets in Resources */ = {isa = PBXBuildFile; fileRef = 26449C6F2482B8A500C11E89 /* Assets.xcassets */; };
		26449C732482B8A500C11E89 /* LaunchScreen.storyboard in Resources */ = {isa = PBXBuildFile; fileRef = 26449C712482B8A500C11E89 /* LaunchScreen.storyboard */; };
		26449C7B2482B8F400C11E89 /* Meme.swift in Sources */ = {isa = PBXBuildFile; fileRef = 26449C7A2482B8F400C11E89 /* Meme.swift */; };
		26449C7D2482B93100C11E89 /* MemeDetailView.swift in Sources */ = {isa = PBXBuildFile; fileRef = 26449C7C2482B93000C11E89 /* MemeDetailView.swift */; };
		26449C7F2482BA6800C11E89 /* SentMemesCollectionViewController.swift in Sources */ = {isa = PBXBuildFile; fileRef = 26449C7E2482BA6800C11E89 /* SentMemesCollectionViewController.swift */; };
		26449C812482BA9200C11E89 /* SentMemesListViewController.swift in Sources */ = {isa = PBXBuildFile; fileRef = 26449C802482BA9200C11E89 /* SentMemesListViewController.swift */; };
		26449C832482BB3900C11E89 /* SentMemeCollectionCell.swift in Sources */ = {isa = PBXBuildFile; fileRef = 26449C822482BB3900C11E89 /* SentMemeCollectionCell.swift */; };
		26449C892482C52800C11E89 /* EditTextStylesViewController.swift in Sources */ = {isa = PBXBuildFile; fileRef = 26449C852482C52800C11E89 /* EditTextStylesViewController.swift */; };
		26449C8A2482C52800C11E89 /* ColorPickerViewController.swift in Sources */ = {isa = PBXBuildFile; fileRef = 26449C862482C52800C11E89 /* ColorPickerViewController.swift */; };
		26449C8B2482C52800C11E89 /* FontPickerViewController.swift in Sources */ = {isa = PBXBuildFile; fileRef = 26449C872482C52800C11E89 /* FontPickerViewController.swift */; };
		26449C8C2482C52800C11E89 /* CreateMemeViewController.swift in Sources */ = {isa = PBXBuildFile; fileRef = 26449C882482C52800C11E89 /* CreateMemeViewController.swift */; };
		26449C8F2482DEB500C11E89 /* Font.swift in Sources */ = {isa = PBXBuildFile; fileRef = 26449C8E2482DEB500C11E89 /* Font.swift */; };
		26DB2323248550450075D880 /* ContentView.swift in Sources */ = {isa = PBXBuildFile; fileRef = 26DB2322248550440075D880 /* ContentView.swift */; };
		26DB2325248552420075D880 /* SentMemesListController.swift in Sources */ = {isa = PBXBuildFile; fileRef = 26DB2324248552420075D880 /* SentMemesListController.swift */; };
		26DB2328248553300075D880 /* MemeMe.xcdatamodeld in Sources */ = {isa = PBXBuildFile; fileRef = 26DB2326248553300075D880 /* MemeMe.xcdatamodeld */; };
		26DB232A2485581F0075D880 /* MemeRowView.swift in Sources */ = {isa = PBXBuildFile; fileRef = 26DB23292485581F0075D880 /* MemeRowView.swift */; };
		26DB232C2485CA5C0075D880 /* CreateMemeView.swift in Sources */ = {isa = PBXBuildFile; fileRef = 26DB232B2485CA5C0075D880 /* CreateMemeView.swift */; };
/* End PBXBuildFile section */

/* Begin PBXFileReference section */
		26449C632482B8A200C11E89 /* MemeMe.app */ = {isa = PBXFileReference; explicitFileType = wrapper.application; includeInIndex = 0; path = MemeMe.app; sourceTree = BUILT_PRODUCTS_DIR; };
		26449C662482B8A200C11E89 /* AppDelegate.swift */ = {isa = PBXFileReference; lastKnownFileType = sourcecode.swift; path = AppDelegate.swift; sourceTree = "<group>"; };
		26449C682482B8A200C11E89 /* SceneDelegate.swift */ = {isa = PBXFileReference; lastKnownFileType = sourcecode.swift; path = SceneDelegate.swift; sourceTree = "<group>"; };
		26449C6D2482B8A200C11E89 /* Base */ = {isa = PBXFileReference; lastKnownFileType = file.storyboard; name = Base; path = Base.lproj/Main.storyboard; sourceTree = "<group>"; };
		26449C6F2482B8A500C11E89 /* Assets.xcassets */ = {isa = PBXFileReference; lastKnownFileType = folder.assetcatalog; path = Assets.xcassets; sourceTree = "<group>"; };
		26449C722482B8A500C11E89 /* Base */ = {isa = PBXFileReference; lastKnownFileType = file.storyboard; name = Base; path = Base.lproj/LaunchScreen.storyboard; sourceTree = "<group>"; };
		26449C742482B8A500C11E89 /* Info.plist */ = {isa = PBXFileReference; lastKnownFileType = text.plist.xml; path = Info.plist; sourceTree = "<group>"; };
		26449C7A2482B8F400C11E89 /* Meme.swift */ = {isa = PBXFileReference; fileEncoding = 4; lastKnownFileType = sourcecode.swift; name = Meme.swift; path = ../../MemeMe1.0/MemeMe/Meme.swift; sourceTree = "<group>"; };
		26449C7C2482B93000C11E89 /* MemeDetailView.swift */ = {isa = PBXFileReference; fileEncoding = 4; lastKnownFileType = sourcecode.swift; name = MemeDetailView.swift; path = ../../MemeMe1.0/MemeMe/MemeDetailView.swift; sourceTree = "<group>"; };
		26449C7E2482BA6800C11E89 /* SentMemesCollectionViewController.swift */ = {isa = PBXFileReference; fileEncoding = 4; lastKnownFileType = sourcecode.swift; path = SentMemesCollectionViewController.swift; sourceTree = "<group>"; };
		26449C802482BA9200C11E89 /* SentMemesListViewController.swift */ = {isa = PBXFileReference; fileEncoding = 4; lastKnownFileType = sourcecode.swift; path = SentMemesListViewController.swift; sourceTree = "<group>"; };
		26449C822482BB3900C11E89 /* SentMemeCollectionCell.swift */ = {isa = PBXFileReference; fileEncoding = 4; lastKnownFileType = sourcecode.swift; path = SentMemeCollectionCell.swift; sourceTree = "<group>"; };
		26449C852482C52800C11E89 /* EditTextStylesViewController.swift */ = {isa = PBXFileReference; fileEncoding = 4; lastKnownFileType = sourcecode.swift; path = EditTextStylesViewController.swift; sourceTree = "<group>"; };
		26449C862482C52800C11E89 /* ColorPickerViewController.swift */ = {isa = PBXFileReference; fileEncoding = 4; lastKnownFileType = sourcecode.swift; path = ColorPickerViewController.swift; sourceTree = "<group>"; };
		26449C872482C52800C11E89 /* FontPickerViewController.swift */ = {isa = PBXFileReference; fileEncoding = 4; lastKnownFileType = sourcecode.swift; path = FontPickerViewController.swift; sourceTree = "<group>"; };
		26449C882482C52800C11E89 /* CreateMemeViewController.swift */ = {isa = PBXFileReference; fileEncoding = 4; lastKnownFileType = sourcecode.swift; path = CreateMemeViewController.swift; sourceTree = "<group>"; };
		26449C8E2482DEB500C11E89 /* Font.swift */ = {isa = PBXFileReference; lastKnownFileType = sourcecode.swift; path = Font.swift; sourceTree = "<group>"; };
		26DB2322248550440075D880 /* ContentView.swift */ = {isa = PBXFileReference; lastKnownFileType = sourcecode.swift; path = ContentView.swift; sourceTree = "<group>"; };
		26DB2324248552420075D880 /* SentMemesListController.swift */ = {isa = PBXFileReference; lastKnownFileType = sourcecode.swift; path = SentMemesListController.swift; sourceTree = "<group>"; };
		26DB2327248553300075D880 /* MemeMe.xcdatamodel */ = {isa = PBXFileReference; lastKnownFileType = wrapper.xcdatamodel; path = MemeMe.xcdatamodel; sourceTree = "<group>"; };
		26DB23292485581F0075D880 /* MemeRowView.swift */ = {isa = PBXFileReference; lastKnownFileType = sourcecode.swift; path = MemeRowView.swift; sourceTree = "<group>"; };
		26DB232B2485CA5C0075D880 /* CreateMemeView.swift */ = {isa = PBXFileReference; lastKnownFileType = sourcecode.swift; path = CreateMemeView.swift; sourceTree = "<group>"; };
/* End PBXFileReference section */

/* Begin PBXFrameworksBuildPhase section */
		26449C602482B8A200C11E89 /* Frameworks */ = {
			isa = PBXFrameworksBuildPhase;
			buildActionMask = 2147483647;
			files = (
			);
			runOnlyForDeploymentPostprocessing = 0;
		};
/* End PBXFrameworksBuildPhase section */

/* Begin PBXGroup section */
		26449C5A2482B8A200C11E89 = {
			isa = PBXGroup;
			children = (
				26449C652482B8A200C11E89 /* MemeMe2.0 */,
				26449C642482B8A200C11E89 /* Products */,
			);
			sourceTree = "<group>";
		};
		26449C642482B8A200C11E89 /* Products */ = {
			isa = PBXGroup;
			children = (
				26449C632482B8A200C11E89 /* MemeMe.app */,
			);
			name = Products;
			sourceTree = "<group>";
		};
		26449C652482B8A200C11E89 /* MemeMe2.0 */ = {
			isa = PBXGroup;
			children = (
				26449C662482B8A200C11E89 /* AppDelegate.swift */,
				26449C682482B8A200C11E89 /* SceneDelegate.swift */,
				26DB2322248550440075D880 /* ContentView.swift */,
				26DB2324248552420075D880 /* SentMemesListController.swift */,
				26449C822482BB3900C11E89 /* SentMemeCollectionCell.swift */,
				26DB23292485581F0075D880 /* MemeRowView.swift */,
				26449C8D2482C52E00C11E89 /* Sent Meme Views */,
				26449C7C2482B93000C11E89 /* MemeDetailView.swift */,
				26449C842482C52800C11E89 /* Create or Edit Meme */,
				26449C6C2482B8A200C11E89 /* Main.storyboard */,
				26449C6F2482B8A500C11E89 /* Assets.xcassets */,
				26449C712482B8A500C11E89 /* LaunchScreen.storyboard */,
				26449C742482B8A500C11E89 /* Info.plist */,
				26DB2326248553300075D880 /* MemeMe.xcdatamodeld */,
				26449C7A2482B8F400C11E89 /* Meme.swift */,
			);
			path = MemeMe2.0;
			sourceTree = "<group>";
		};
		26449C842482C52800C11E89 /* Create or Edit Meme */ = {
			isa = PBXGroup;
			children = (
				26DB232B2485CA5C0075D880 /* CreateMemeView.swift */,
				26449C882482C52800C11E89 /* CreateMemeViewController.swift */,
				26449C852482C52800C11E89 /* EditTextStylesViewController.swift */,
				26449C862482C52800C11E89 /* ColorPickerViewController.swift */,
				26449C872482C52800C11E89 /* FontPickerViewController.swift */,
				26449C8E2482DEB500C11E89 /* Font.swift */,
			);
			name = "Create or Edit Meme";
			path = "../../MemeMe1.0/MemeMe/Create or Edit Meme";
			sourceTree = "<group>";
		};
		26449C8D2482C52E00C11E89 /* Sent Meme Views */ = {
			isa = PBXGroup;
			children = (
				26449C802482BA9200C11E89 /* SentMemesListViewController.swift */,
				26449C7E2482BA6800C11E89 /* SentMemesCollectionViewController.swift */,
			);
			path = "Sent Meme Views";
			sourceTree = "<group>";
		};
/* End PBXGroup section */

/* Begin PBXNativeTarget section */
		26449C622482B8A200C11E89 /* MemeMe2.0 */ = {
			isa = PBXNativeTarget;
			buildConfigurationList = 26449C772482B8A500C11E89 /* Build configuration list for PBXNativeTarget "MemeMe2.0" */;
			buildPhases = (
				26449C5F2482B8A200C11E89 /* Sources */,
				26449C602482B8A200C11E89 /* Frameworks */,
				26449C612482B8A200C11E89 /* Resources */,
			);
			buildRules = (
			);
			dependencies = (
			);
			name = MemeMe2.0;
			productName = MemeMe2.0;
			productReference = 26449C632482B8A200C11E89 /* MemeMe.app */;
			productType = "com.apple.product-type.application";
		};
/* End PBXNativeTarget section */

/* Begin PBXProject section */
		26449C5B2482B8A200C11E89 /* Project object */ = {
			isa = PBXProject;
			attributes = {
				LastSwiftUpdateCheck = 1140;
				LastUpgradeCheck = 1140;
				ORGANIZATIONNAME = "Gunnels Porter";
				TargetAttributes = {
					26449C622482B8A200C11E89 = {
						CreatedOnToolsVersion = 11.4.1;
					};
				};
			};
			buildConfigurationList = 26449C5E2482B8A200C11E89 /* Build configuration list for PBXProject "MemeMe2.0" */;
			compatibilityVersion = "Xcode 9.3";
			developmentRegion = en;
			hasScannedForEncodings = 0;
			knownRegions = (
				en,
				Base,
			);
			mainGroup = 26449C5A2482B8A200C11E89;
			productRefGroup = 26449C642482B8A200C11E89 /* Products */;
			projectDirPath = "";
			projectRoot = "";
			targets = (
				26449C622482B8A200C11E89 /* MemeMe2.0 */,
			);
		};
/* End PBXProject section */

/* Begin PBXResourcesBuildPhase section */
		26449C612482B8A200C11E89 /* Resources */ = {
			isa = PBXResourcesBuildPhase;
			buildActionMask = 2147483647;
			files = (
				26449C732482B8A500C11E89 /* LaunchScreen.storyboard in Resources */,
				26449C702482B8A500C11E89 /* Assets.xcassets in Resources */,
				26449C6E2482B8A200C11E89 /* Main.storyboard in Resources */,
			);
			runOnlyForDeploymentPostprocessing = 0;
		};
/* End PBXResourcesBuildPhase section */

/* Begin PBXSourcesBuildPhase section */
		26449C5F2482B8A200C11E89 /* Sources */ = {
			isa = PBXSourcesBuildPhase;
			buildActionMask = 2147483647;
			files = (
				26449C8A2482C52800C11E89 /* ColorPickerViewController.swift in Sources */,
				26DB2325248552420075D880 /* SentMemesListController.swift in Sources */,
				26449C832482BB3900C11E89 /* SentMemeCollectionCell.swift in Sources */,
				26DB232A2485581F0075D880 /* MemeRowView.swift in Sources */,
				26449C812482BA9200C11E89 /* SentMemesListViewController.swift in Sources */,
				26449C8C2482C52800C11E89 /* CreateMemeViewController.swift in Sources */,
				26449C8B2482C52800C11E89 /* FontPickerViewController.swift in Sources */,
				26449C7B2482B8F400C11E89 /* Meme.swift in Sources */,
				26449C7F2482BA6800C11E89 /* SentMemesCollectionViewController.swift in Sources */,
				26449C892482C52800C11E89 /* EditTextStylesViewController.swift in Sources */,
				26449C8F2482DEB500C11E89 /* Font.swift in Sources */,
				26DB232C2485CA5C0075D880 /* CreateMemeView.swift in Sources */,
				26449C672482B8A200C11E89 /* AppDelegate.swift in Sources */,
				26DB2323248550450075D880 /* ContentView.swift in Sources */,
				26DB2328248553300075D880 /* MemeMe.xcdatamodeld in Sources */,
				26449C692482B8A200C11E89 /* SceneDelegate.swift in Sources */,
				26449C7D2482B93100C11E89 /* MemeDetailView.swift in Sources */,
			);
			runOnlyForDeploymentPostprocessing = 0;
		};
/* End PBXSourcesBuildPhase section */

/* Begin PBXVariantGroup section */
		26449C6C2482B8A200C11E89 /* Main.storyboard */ = {
			isa = PBXVariantGroup;
			children = (
				26449C6D2482B8A200C11E89 /* Base */,
			);
			name = Main.storyboard;
			sourceTree = "<group>";
		};
		26449C712482B8A500C11E89 /* LaunchScreen.storyboard */ = {
			isa = PBXVariantGroup;
			children = (
				26449C722482B8A500C11E89 /* Base */,
			);
			name = LaunchScreen.storyboard;
			sourceTree = "<group>";
		};
/* End PBXVariantGroup section */

/* Begin XCBuildConfiguration section */
		26449C752482B8A500C11E89 /* Debug */ = {
			isa = XCBuildConfiguration;
			buildSettings = {
				ALWAYS_SEARCH_USER_PATHS = NO;
				CLANG_ANALYZER_NONNULL = YES;
				CLANG_ANALYZER_NUMBER_OBJECT_CONVERSION = YES_AGGRESSIVE;
				CLANG_CXX_LANGUAGE_STANDARD = "gnu++14";
				CLANG_CXX_LIBRARY = "libc++";
				CLANG_ENABLE_MODULES = YES;
				CLANG_ENABLE_OBJC_ARC = YES;
				CLANG_ENABLE_OBJC_WEAK = YES;
				CLANG_WARN_BLOCK_CAPTURE_AUTORELEASING = YES;
				CLANG_WARN_BOOL_CONVERSION = YES;
				CLANG_WARN_COMMA = YES;
				CLANG_WARN_CONSTANT_CONVERSION = YES;
				CLANG_WARN_DEPRECATED_OBJC_IMPLEMENTATIONS = YES;
				CLANG_WARN_DIRECT_OBJC_ISA_USAGE = YES_ERROR;
				CLANG_WARN_DOCUMENTATION_COMMENTS = YES;
				CLANG_WARN_EMPTY_BODY = YES;
				CLANG_WARN_ENUM_CONVERSION = YES;
				CLANG_WARN_INFINITE_RECURSION = YES;
				CLANG_WARN_INT_CONVERSION = YES;
				CLANG_WARN_NON_LITERAL_NULL_CONVERSION = YES;
				CLANG_WARN_OBJC_IMPLICIT_RETAIN_SELF = YES;
				CLANG_WARN_OBJC_LITERAL_CONVERSION = YES;
				CLANG_WARN_OBJC_ROOT_CLASS = YES_ERROR;
				CLANG_WARN_RANGE_LOOP_ANALYSIS = YES;
				CLANG_WARN_STRICT_PROTOTYPES = YES;
				CLANG_WARN_SUSPICIOUS_MOVE = YES;
				CLANG_WARN_UNGUARDED_AVAILABILITY = YES_AGGRESSIVE;
				CLANG_WARN_UNREACHABLE_CODE = YES;
				CLANG_WARN__DUPLICATE_METHOD_MATCH = YES;
				COPY_PHASE_STRIP = NO;
				DEBUG_INFORMATION_FORMAT = dwarf;
				ENABLE_STRICT_OBJC_MSGSEND = YES;
				ENABLE_TESTABILITY = YES;
				GCC_C_LANGUAGE_STANDARD = gnu11;
				GCC_DYNAMIC_NO_PIC = NO;
				GCC_NO_COMMON_BLOCKS = YES;
				GCC_OPTIMIZATION_LEVEL = 0;
				GCC_PREPROCESSOR_DEFINITIONS = (
					"DEBUG=1",
					"$(inherited)",
				);
				GCC_WARN_64_TO_32_BIT_CONVERSION = YES;
				GCC_WARN_ABOUT_RETURN_TYPE = YES_ERROR;
				GCC_WARN_UNDECLARED_SELECTOR = YES;
				GCC_WARN_UNINITIALIZED_AUTOS = YES_AGGRESSIVE;
				GCC_WARN_UNUSED_FUNCTION = YES;
				GCC_WARN_UNUSED_VARIABLE = YES;
				IPHONEOS_DEPLOYMENT_TARGET = 13.4;
				MTL_ENABLE_DEBUG_INFO = INCLUDE_SOURCE;
				MTL_FAST_MATH = YES;
				ONLY_ACTIVE_ARCH = YES;
				SDKROOT = iphoneos;
				SWIFT_ACTIVE_COMPILATION_CONDITIONS = DEBUG;
				SWIFT_OPTIMIZATION_LEVEL = "-Onone";
			};
			name = Debug;
		};
		26449C762482B8A500C11E89 /* Release */ = {
			isa = XCBuildConfiguration;
			buildSettings = {
				ALWAYS_SEARCH_USER_PATHS = NO;
				CLANG_ANALYZER_NONNULL = YES;
				CLANG_ANALYZER_NUMBER_OBJECT_CONVERSION = YES_AGGRESSIVE;
				CLANG_CXX_LANGUAGE_STANDARD = "gnu++14";
				CLANG_CXX_LIBRARY = "libc++";
				CLANG_ENABLE_MODULES = YES;
				CLANG_ENABLE_OBJC_ARC = YES;
				CLANG_ENABLE_OBJC_WEAK = YES;
				CLANG_WARN_BLOCK_CAPTURE_AUTORELEASING = YES;
				CLANG_WARN_BOOL_CONVERSION = YES;
				CLANG_WARN_COMMA = YES;
				CLANG_WARN_CONSTANT_CONVERSION = YES;
				CLANG_WARN_DEPRECATED_OBJC_IMPLEMENTATIONS = YES;
				CLANG_WARN_DIRECT_OBJC_ISA_USAGE = YES_ERROR;
				CLANG_WARN_DOCUMENTATION_COMMENTS = YES;
				CLANG_WARN_EMPTY_BODY = YES;
				CLANG_WARN_ENUM_CONVERSION = YES;
				CLANG_WARN_INFINITE_RECURSION = YES;
				CLANG_WARN_INT_CONVERSION = YES;
				CLANG_WARN_NON_LITERAL_NULL_CONVERSION = YES;
				CLANG_WARN_OBJC_IMPLICIT_RETAIN_SELF = YES;
				CLANG_WARN_OBJC_LITERAL_CONVERSION = YES;
				CLANG_WARN_OBJC_ROOT_CLASS = YES_ERROR;
				CLANG_WARN_RANGE_LOOP_ANALYSIS = YES;
				CLANG_WARN_STRICT_PROTOTYPES = YES;
				CLANG_WARN_SUSPICIOUS_MOVE = YES;
				CLANG_WARN_UNGUARDED_AVAILABILITY = YES_AGGRESSIVE;
				CLANG_WARN_UNREACHABLE_CODE = YES;
				CLANG_WARN__DUPLICATE_METHOD_MATCH = YES;
				COPY_PHASE_STRIP = NO;
				DEBUG_INFORMATION_FORMAT = "dwarf-with-dsym";
				ENABLE_NS_ASSERTIONS = NO;
				ENABLE_STRICT_OBJC_MSGSEND = YES;
				GCC_C_LANGUAGE_STANDARD = gnu11;
				GCC_NO_COMMON_BLOCKS = YES;
				GCC_WARN_64_TO_32_BIT_CONVERSION = YES;
				GCC_WARN_ABOUT_RETURN_TYPE = YES_ERROR;
				GCC_WARN_UNDECLARED_SELECTOR = YES;
				GCC_WARN_UNINITIALIZED_AUTOS = YES_AGGRESSIVE;
				GCC_WARN_UNUSED_FUNCTION = YES;
				GCC_WARN_UNUSED_VARIABLE = YES;
				IPHONEOS_DEPLOYMENT_TARGET = 13.4;
				MTL_ENABLE_DEBUG_INFO = NO;
				MTL_FAST_MATH = YES;
				SDKROOT = iphoneos;
				SWIFT_COMPILATION_MODE = wholemodule;
				SWIFT_OPTIMIZATION_LEVEL = "-O";
				VALIDATE_PRODUCT = YES;
			};
			name = Release;
		};
		26449C782482B8A500C11E89 /* Debug */ = {
			isa = XCBuildConfiguration;
			buildSettings = {
				ASSETCATALOG_COMPILER_APPICON_NAME = AppIcon;
				CODE_SIGN_STYLE = Automatic;
				DEVELOPMENT_TEAM = H3PATA62FY;
				INFOPLIST_FILE = MemeMe2.0/Info.plist;
				LD_RUNPATH_SEARCH_PATHS = (
					"$(inherited)",
					"@executable_path/Frameworks",
				);
				PRODUCT_BUNDLE_IDENTIFIER = "com.gunnels-porter.MemeMe2-0";
				PRODUCT_NAME = MemeMe;
				SWIFT_VERSION = 5.0;
				TARGETED_DEVICE_FAMILY = "1,2";
			};
			name = Debug;
		};
		26449C792482B8A500C11E89 /* Release */ = {
			isa = XCBuildConfiguration;
			buildSettings = {
				ASSETCATALOG_COMPILER_APPICON_NAME = AppIcon;
				CODE_SIGN_STYLE = Automatic;
				DEVELOPMENT_TEAM = H3PATA62FY;
				INFOPLIST_FILE = MemeMe2.0/Info.plist;
				LD_RUNPATH_SEARCH_PATHS = (
					"$(inherited)",
					"@executable_path/Frameworks",
				);
				PRODUCT_BUNDLE_IDENTIFIER = "com.gunnels-porter.MemeMe2-0";
				PRODUCT_NAME = MemeMe;
				SWIFT_VERSION = 5.0;
				TARGETED_DEVICE_FAMILY = "1,2";
			};
			name = Release;
		};
/* End XCBuildConfiguration section */

/* Begin XCConfigurationList section */
		26449C5E2482B8A200C11E89 /* Build configuration list for PBXProject "MemeMe2.0" */ = {
			isa = XCConfigurationList;
			buildConfigurations = (
				26449C752482B8A500C11E89 /* Debug */,
				26449C762482B8A500C11E89 /* Release */,
			);
			defaultConfigurationIsVisible = 0;
			defaultConfigurationName = Release;
		};
		26449C772482B8A500C11E89 /* Build configuration list for PBXNativeTarget "MemeMe2.0" */ = {
			isa = XCConfigurationList;
			buildConfigurations = (
				26449C782482B8A500C11E89 /* Debug */,
				26449C792482B8A500C11E89 /* Release */,
			);
			defaultConfigurationIsVisible = 0;
			defaultConfigurationName = Release;
		};
/* End XCConfigurationList section */

/* Begin XCVersionGroup section */
		26DB2326248553300075D880 /* MemeMe.xcdatamodeld */ = {
			isa = XCVersionGroup;
			children = (
				26DB2327248553300075D880 /* MemeMe.xcdatamodel */,
			);
			currentVersion = 26DB2327248553300075D880 /* MemeMe.xcdatamodel */;
			path = MemeMe.xcdatamodeld;
			sourceTree = "<group>";
			versionGroupType = wrapper.xcdatamodel;
		};
/* End XCVersionGroup section */
	};
	rootObject = 26449C5B2482B8A200C11E89 /* Project object */;
}
